{
    "_meta": {
        "hash": {
            "sha256": "26885278ecabd0e9dec1cc969e9a2ee9feecdd64f38438103962aeea2364301e"
        },
        "pipfile-spec": 6,
        "requires": {
            "python_version": "3.8"
        },
        "sources": [
            {
                "name": "pypi",
                "url": "https://pypi.org/simple",
                "verify_ssl": true
            }
        ]
    },
    "default": {
        "sqlalchemy": {
            "hashes": [
                "sha256:01f6bbd4308b23240cf7d3ef117557c8fd097ec9549d5d8a52977544e35b40ad",
                "sha256:07edba08061bc277bfdc772dd2a1a43978f5a45994dd3ede26391b405c15221e",
                "sha256:10853a53a4a00417a00913d270dddda75815fcb80675874285f41051c094d7dd",
                "sha256:1182437cb2d97988cfea04cf6cdc0b0bb9c74f4d56ec3d08b81e23d621a28cc6",
                "sha256:144921da96c08feb9e2b052c5c5c1d0d151a292c6135623c6b2c041f2a45f9e0",
                "sha256:1a89ce07ad2d4b8cfc30bd5889ec40613e028ed80ef47da7d9dd2ce969ad30e0",
                "sha256:1b4c575df7368b3b13e0cebf01d4679f9a28ed2ae6c1cd0b1d5beffb6b2007dc",
                "sha256:1ccd42229aaac2df431562117ac7e667d702e8e44afdb6cf0e50fa3f18160f0b",
                "sha256:2645b7d8a738763b664a12a1542c89c940daa55196e8d73e55b169cc5c99f65f",
                "sha256:288937433bd44e3990e7da2402fabc44a3c6c25d3704da066b85b89a85474ae0",
                "sha256:34634e196f620c7a61d18d5cf7dc841ca6daa7961aed75d532b7e58b309ac894",
                "sha256:348174f228b99f33ca1f773e85510e08927620caa59ffe7803b37170df30332b",
                "sha256:36ac4ddc3d33e852da9cb00ffb08cea62ca05c39711dc67062ca2bb1fae35fd8",
                "sha256:3713e21ea67bca727eecd4a24bf68bcd414c403faae4989442be60994301ded0",
                "sha256:389b984139278f97757ea9b08993e7b9d1142912e046ab7d82b3fbaeb0209131",
                "sha256:426c5ca86415d9b8945c7073597e10de9644802e2ff502b8e1f11a7a2642856b",
                "sha256:4599a95f9430ae0de82b52ff0d27304fe898c17cb5f4099f7438a51b9998ac77",
                "sha256:49b7bddc1eebf011ea5ab722fdbe67a401caa34a350d278cc7733c0e88fecb1f",
                "sha256:53667b5f668991e279d21f94ccfa6e45b4e3f4500e7591ae59a8012d0f010dcb",
                "sha256:546572a1793cc35857a2ffa1fe0e58571af1779bcc1ffa7c9fb0839885ed69a9",
                "sha256:583849c743e0e3c9bb7446f5b5addeacedc168d657a69b418063dfdb2d90081c",
                "sha256:5aee45fd2c6c0f2b9cdddf48c48535e7471e42d6fb81adfde801da0bd5b93241",
                "sha256:5b193a7e29fd9fa56e502920dca47dffe60f97c863494946bd698c6058a55658",
                "sha256:5ca74f37f3369b45e1f6b7b06afb182af1fd5dde009e4ffd831830d98cbe5fe7",
                "sha256:68549c403f79a8e25984376480959975212a670405e3913830614432b5daa07a",
                "sha256:69f5bc24904d3bc3640961cddd2523e361257ef68585d6e364166dfbe8c78fae",
                "sha256:6bb85c546591569558571aa1b06aba711b26ae62f111e15e56136d69920e1616",
                "sha256:6f7b7243850edd0b8b97043f04748f31de50cf426e939def5c16bedb540698f7",
                "sha256:7001dc9d5f6bb4deb756d5928eaefe1930f6f4179da3924cbd95ee0e9f4dce89",
                "sha256:7a936f1bb23d370b7c8cc079d5fce4c7d18da87a33c6744e51a93b0f9e97e9b3",
                "sha256:7c998f2ace8bf76b453b75dbcca500d4f4b9dd3908c13e89b86289b37784848b",
                "sha256:7cddca31edf8b0653090cbb54562ca027c421c58ddde2c0685f49ff56a1690e0",
                "sha256:8183dc57ae7d9edc1346e007e840a9f3d6aa7b7f165203a99e16f447150140d2",
                "sha256:82745b03b4043e04600a6b665cb98697c4339b24e34d74b0a2ac0a2488b6f94d",
                "sha256:841a94c66577661c1f088ac958cd767d7c9bf507698f45afffe7a4017049de76",
                "sha256:858e433f12b0e5b3ed2f8da917433b634f4937d0e8793e5cb33c54a1a01df565",
                "sha256:908a3fa6908716f803b86896a09a2c4dde5f5ce2bb07aacc71ffebb57986ce99",
                "sha256:9764014ef5e58aab76220c5664abb5d47d5bc858d9debf821e55cfdd0f128485",
                "sha256:9c7d0a77e36b5f4b01ca398482230ab792061d243d715299b44a0b55c89fe617",
                "sha256:a5b429eb84339f9f05e06083f119ad814e6d85e27ecbdf9c551dfdbb128eaf8a",
                "sha256:a66fe406437dd65cacd96a72689a3aaaecaebbcd62d81c5ac1c0fdbeac835096",
                "sha256:a6b764fb312bd35e47797ad2e63f0d323792837a6ac785a4ca967019357d2bc7",
                "sha256:b19151e76620a412c2ac1c6f977ab1b9fa7ad43140178345136456d5265b32ed",
                "sha256:b8438ec5594980d405251451c5b7ea9aa58dda38eb7ac35fb7e4c696712ee24f",
                "sha256:b8fc3454b4f3bd0a368001d0e968852dad45a873f8b4babd41bc302ec851a099",
                "sha256:bcb8ebbf2e2c36cfe01a94f2438012c6a9d494cf80f129d9753bcdf33bfc35a6",
                "sha256:d404dc897ce10e565d647795861762aa2d06ca3f4a728c5e9a835096c7059018",
                "sha256:d612c976cbc2d17edfcc4c006874b764e85e990c29ce9bd411f926bbfb02b9a2",
                "sha256:d64177f443594c8697369c10e4bbcac70ef558e0f7921a1de7e4a3d1734bcf67",
                "sha256:d854b3970067297f3a7fbd7a4683587134aa9b3877ee15aa29eea478dc68f933",
                "sha256:d8fcccbbc0c13c13702c471da398b8cd72ba740dca5859f148ae8e0e8e0d3e7e",
                "sha256:e004aa9248e8cb0a5f9b96d003ca7c1c0a5da8decd1066e7b53f59eb8ce7c62b",
                "sha256:e214d546c8ecb5fc22d6e6011746082abf13a9cf46eefb45769c7b31407c97b5",
                "sha256:e2d0d88686e3d35a76f3e15a34e8c12d73fc94c1dea1cd55782e695cc14086dd",
                "sha256:e2f35b4cccd9ed286ad62e0a3c3ac21e06c02abc60e20aa51a3e305a30f5fa79",
                "sha256:e3070c03701037aa418b55d36532ecb8f8446ed0135acb71c678dbdf12f5b6e4",
                "sha256:e5e088bf43f6ee6fec7dbf1ef7ff7774a616c236b5c0cb3e00662dd71a56b571",
                "sha256:e83e3f959aaa1c9df95c22c528096d94848a1bc819f5d0ebf7ee3df0ca63db6c",
                "sha256:f0dcbc588cd5b725162c076eb9119342f6579c7f7f55057bb7e3c6ff27e13121",
                "sha256:f27f9da0a7d22b9f981108fd4b62f8b5743423388915a563e651c20d06c1f457",
                "sha256:f8649a14caa5f8a243628b1d61cf530ad9ae4578814ba726816adb1121fc493e",
                "sha256:fac0fa4e4f55f118fd87177dacb1c6522fe39c28d498d259014020fec9164c29",
                "sha256:fd08b90d211c086181caed76931ecfa2bdfc83eea3cfccdb0f82abc6c4b876cb"
            ],
            "markers": "python_version >= '3.7'",
            "version": "==2.0.48"
        },
        "sqlalchemy-serializer": {
            "hashes": [
                "sha256:5e1f83fc6d8a4f7618100c1b9a6af949498210756b974527ec3c8c1ec7e1300f"
            ],
            "index": "pypi",
            "version": "==1.4.12"
        },
        "typing-extensions": {
            "hashes": [
                "sha256:a439e7c04b49fec3e5d3e2beaa21755cadbbdc391694e28ccdd36ca4a1408f8c",
                "sha256:e6c81219bd689f51865d9e372991c540bda33a0379d5573cddb9a3a23f7caaef"
            ],
            "markers": "python_version >= '3.8'",
            "version": "==4.13.2"
        }
    },
    "develop": {}
}
